
Microsoft Visual Studio Solution File, Format Version 12.00
# Visual Studio Version 17
VisualStudioVersion = 17.3.32929.385
MinimumVisualStudioVersion = 10.0.40219.1
Project("{9A19103F-16F7-4668-BE54-9A1E7A4F7556}") = "ConsoleAppPrincipal", "ConsoleAppPrincipal\ConsoleAppPrincipal.csproj", "{49584F62-58BC-43CE-9EFA-FE9E6D3BB941}"
EndProject
Project("{9A19103F-16F7-4668-BE54-9A1E7A4F7556}") = "Models", "Models\Models.csproj", "{3E633324-06AB-4CB4-A3AC-12331C5A7182}"
EndProject
Project("{9A19103F-16F7-4668-BE54-9A1E7A4F7556}") = "DAL", "DAL\DAL.csproj", "{8095F909-11EE-448E-BE49-D8721C6984AF}"
EndProject
Project("{FAE04EC0-301F-11D3-BF4B-00C04F79EFBC}") = "BLL", "BLL\BLL.csproj", "{94EA01E9-60EE-44E8-857A-A78A1930A86A}"
EndProject
Global
	GlobalSection(SolutionConfigurationPlatforms) = preSolution
		Debug|Any CPU = Debug|Any CPU
		Release|Any CPU = Release|Any CPU
	EndGlobalSection
	GlobalSection(ProjectConfigurationPlatforms) = postSolution
		{49584F62-58BC-43CE-9EFA-FE9E6D3BB941}.Debug|Any CPU.ActiveCfg = Debug|Any CPU
		{49584F62-58BC-43CE-9EFA-FE9E6D3BB941}.Debug|Any CPU.Build.0 = Debug|Any CPU
		{49584F62-58BC-43CE-9EFA-FE9E6D3BB941}.Release|Any CPU.ActiveCfg = Release|Any CPU
		{49584F62-58BC-43CE-9EFA-FE9E6D3BB941}.Release|Any CPU.Build.0 = Release|Any CPU
		{3E633324-06AB-4CB4-A3AC-12331C5A7182}.Debug|Any CPU.ActiveCfg = Debug|Any CPU
		{3E633324-06AB-4CB4-A3AC-12331C5A7182}.Debug|Any CPU.Build.0 = Debug|Any CPU
		{3E633324-06AB-4CB4-A3AC-12331C5A7182}.Release|Any CPU.ActiveCfg = Release|Any CPU
		{3E633324-06AB-4CB4-A3AC-12331C5A7182}.Release|Any CPU.Build.0 = Release|Any CPU
		{8095F909-11EE-448E-BE49-D8721C6984AF}.Debug|Any CPU.ActiveCfg = Debug|Any CPU
		{8095F909-11EE-448E-BE49-D8721C6984AF}.Debug|Any CPU.Build.0 = Debug|Any CPU
		{8095F909-11EE-448E-BE49-D8721C6984AF}.Release|Any CPU.ActiveCfg = Release|Any CPU
		{8095F909-11EE-448E-BE49-D8721C6984AF}.Release|Any CPU.Build.0 = Release|Any CPU
		{94EA01E9-60EE-44E8-857A-A78A1930A86A}.Debug|Any CPU.ActiveCfg = Debug|Any CPU
		{94EA01E9-60EE-44E8-857A-A78A1930A86A}.Debug|Any CPU.Build.0 = Debug|Any CPU
		{94EA01E9-60EE-44E8-857A-A78A1930A86A}.Release|Any CPU.ActiveCfg = Release|Any CPU
		{94EA01E9-60EE-44E8-857A-A78A1930A86A}.Release|Any CPU.Build.0 = Release|Any CPU
	EndGlobalSection
	GlobalSection(SolutionProperties) = preSolution
		HideSolutionNode = FALSE
	EndGlobalSection
	GlobalSection(ExtensibilityGlobals) = postSolution
		SolutionGuid = {C80E53AF-04F7-4F4C-816F-F31984BDAFDC}
	EndGlobalSection
EndGlobal
